
Microsoft Visual Studio Solution File, Format Version 12.00
# Visual Studio 15
VisualStudioVersion = 15.0.27703.2047
MinimumVisualStudioVersion = 10.0.40219.1
Project("{9A19103F-16F7-4668-BE54-9A1E7A4F7556}") = "SA", "SA\SA.csproj", "{C892F9ED-AC8E-4E3D-88A9-E98AC8BE7F54}"
EndProject
Global
	GlobalSection(SolutionConfigurationPlatforms) = preSolution
		Debug|Any CPU = Debug|Any CPU
		Release|Any CPU = Release|Any CPU
	EndGlobalSection
	GlobalSection(ProjectConfigurationPlatforms) = postSolution
		{C892F9ED-AC8E-4E3D-88A9-E98AC8BE7F54}.Debug|Any CPU.ActiveCfg = Debug|Any CPU
		{C892F9ED-AC8E-4E3D-88A9-E98AC8BE7F54}.Debug|Any CPU.Build.0 = Debug|Any CPU
		{C892F9ED-AC8E-4E3D-88A9-E98AC8BE7F54}.Release|Any CPU.ActiveCfg = Release|Any CPU
		{C892F9ED-AC8E-4E3D-88A9-E98AC8BE7F54}.Release|Any CPU.Build.0 = Release|Any CPU
	EndGlobalSection
	GlobalSection(SolutionProperties) = preSolution
		HideSolutionNode = FALSE
	EndGlobalSection
	GlobalSection(ExtensibilityGlobals) = postSolution
		SolutionGuid = {BEFBA1A3-D64A-4608-9590-67CDA139B8AB}
	EndGlobalSection
EndGlobal
